
Microsoft Visual Studio Solution File, Format Version 12.00
# Visual Studio 2013
VisualStudioVersion = 12.0.31101.0
MinimumVisualStudioVersion = 10.0.40219.1
Project("{FAE04EC0-301F-11D3-BF4B-00C04F79EFBC}") = "apiTool", "apiTool\apiTool.csproj", "{FBF5A8D4-A957-4793-A375-AB07635FADAE}"
EndProject
Global
	GlobalSection(SolutionConfigurationPlatforms) = preSolution
		Debug|Any CPU = Debug|Any CPU
		Release|Any CPU = Release|Any CPU
	EndGlobalSection
	GlobalSection(ProjectConfigurationPlatforms) = postSolution
		{FBF5A8D4-A957-4793-A375-AB07635FADAE}.Debug|Any CPU.ActiveCfg = Debug|Any CPU
		{FBF5A8D4-A957-4793-A375-AB07635FADAE}.Debug|Any CPU.Build.0 = Debug|Any CPU
		{FBF5A8D4-A957-4793-A375-AB07635FADAE}.Release|Any CPU.ActiveCfg = Release|Any CPU
		{FBF5A8D4-A957-4793-A375-AB07635FADAE}.Release|Any CPU.Build.0 = Release|Any CPU
	EndGlobalSection
	GlobalSection(SolutionProperties) = preSolution
		HideSolutionNode = FALSE
	EndGlobalSection
EndGlobal
